// !$*UTF8*$!
{
	archiveVersion = 1;
	classes = {
	};
	objectVersion = 48;
	objects = {

/* Begin PBXBuildFile section */
		CC5C94F5206FFB7A008BDA34 /* AppDelegate.swift in Sources */ = {isa = PBXBuildFile; fileRef = CC5C94F4206FFB7A008BDA34 /* AppDelegate.swift */; };
		CC5C94F7206FFB7A008BDA34 /* art.scnassets in Resources */ = {isa = PBXBuildFile; fileRef = CC5C94F6206FFB7A008BDA34 /* art.scnassets */; };
		CC5C94F9206FFB7A008BDA34 /* ViewController.swift in Sources */ = {isa = PBXBuildFile; fileRef = CC5C94F8206FFB7A008BDA34 /* ViewController.swift */; };
		CC5C94FC206FFB7A008BDA34 /* Main.storyboard in Resources */ = {isa = PBXBuildFile; fileRef = CC5C94FA206FFB7A008BDA34 /* Main.storyboard */; };
		CC5C94FE206FFB7A008BDA34 /* Assets.xcassets in Resources */ = {isa = PBXBuildFile; fileRef = CC5C94FD206FFB7A008BDA34 /* Assets.xcassets */; };
		CC5C9501206FFB7A008BDA34 /* LaunchScreen.storyboard in Resources */ = {isa = PBXBuildFile; fileRef = CC5C94FF206FFB7A008BDA34 /* LaunchScreen.storyboard */; };
		CC5C950C206FFB7A008BDA34 /* version_1Tests.swift in Sources */ = {isa = PBXBuildFile; fileRef = CC5C950B206FFB7A008BDA34 /* version_1Tests.swift */; };
		CC5C9517206FFB7A008BDA34 /* version_1UITests.swift in Sources */ = {isa = PBXBuildFile; fileRef = CC5C9516206FFB7A008BDA34 /* version_1UITests.swift */; };
/* End PBXBuildFile section */

/* Begin PBXContainerItemProxy section */
		CC5C9508206FFB7A008BDA34 /* PBXContainerItemProxy */ = {
			isa = PBXContainerItemProxy;
			containerPortal = CC5C94E9206FFB7A008BDA34 /* Project object */;
			proxyType = 1;
			remoteGlobalIDString = CC5C94F0206FFB7A008BDA34;
			remoteInfo = "version-1";
		};
		CC5C9513206FFB7A008BDA34 /* PBXContainerItemProxy */ = {
			isa = PBXContainerItemProxy;
			containerPortal = CC5C94E9206FFB7A008BDA34 /* Project object */;
			proxyType = 1;
			remoteGlobalIDString = CC5C94F0206FFB7A008BDA34;
			remoteInfo = "version-1";
		};
/* End PBXContainerItemProxy section */

/* Begin PBXFileReference section */
		CC5C94F1206FFB7A008BDA34 /* version-1.app */ = {isa = PBXFileReference; explicitFileType = wrapper.application; includeInIndex = 0; path = "version-1.app"; sourceTree = BUILT_PRODUCTS_DIR; };
		CC5C94F4206FFB7A008BDA34 /* AppDelegate.swift */ = {isa = PBXFileReference; lastKnownFileType = sourcecode.swift; path = AppDelegate.swift; sourceTree = "<group>"; };
		CC5C94F6206FFB7A008BDA34 /* art.scnassets */ = {isa = PBXFileReference; lastKnownFileType = wrapper.scnassets; path = art.scnassets; sourceTree = "<group>"; };
		CC5C94F8206FFB7A008BDA34 /* ViewController.swift */ = {isa = PBXFileReference; lastKnownFileType = sourcecode.swift; path = ViewController.swift; sourceTree = "<group>"; };
		CC5C94FB206FFB7A008BDA34 /* Base */ = {isa = PBXFileReference; lastKnownFileType = file.storyboard; name = Base; path = Base.lproj/Main.storyboard; sourceTree = "<group>"; };
		CC5C94FD206FFB7A008BDA34 /* Assets.xcassets */ = {isa = PBXFileReference; lastKnownFileType = folder.assetcatalog; path = Assets.xcassets; sourceTree = "<group>"; };
		CC5C9500206FFB7A008BDA34 /* Base */ = {isa = PBXFileReference; lastKnownFileType = file.storyboard; name = Base; path = Base.lproj/LaunchScreen.storyboard; sourceTree = "<group>"; };
		CC5C9502206FFB7A008BDA34 /* Info.plist */ = {isa = PBXFileReference; lastKnownFileType = text.plist.xml; path = Info.plist; sourceTree = "<group>"; };
		CC5C9507206FFB7A008BDA34 /* version-1Tests.xctest */ = {isa = PBXFileReference; explicitFileType = wrapper.cfbundle; includeInIndex = 0; path = "version-1Tests.xctest"; sourceTree = BUILT_PRODUCTS_DIR; };
		CC5C950B206FFB7A008BDA34 /* version_1Tests.swift */ = {isa = PBXFileReference; lastKnownFileType = sourcecode.swift; path = version_1Tests.swift; sourceTree = "<group>"; };
		CC5C950D206FFB7A008BDA34 /* Info.plist */ = {isa = PBXFileReference; lastKnownFileType = text.plist.xml; path = Info.plist; sourceTree = "<group>"; };
		CC5C9512206FFB7A008BDA34 /* version-1UITests.xctest */ = {isa = PBXFileReference; explicitFileType = wrapper.cfbundle; includeInIndex = 0; path = "version-1UITests.xctest"; sourceTree = BUILT_PRODUCTS_DIR; };
		CC5C9516206FFB7A008BDA34 /* version_1UITests.swift */ = {isa = PBXFileReference; lastKnownFileType = sourcecode.swift; path = version_1UITests.swift; sourceTree = "<group>"; };
		CC5C9518206FFB7A008BDA34 /* Info.plist */ = {isa = PBXFileReference; lastKnownFileType = text.plist.xml; path = Info.plist; sourceTree = "<group>"; };
/* End PBXFileReference section */

/* Begin PBXFrameworksBuildPhase section */
		CC5C94EE206FFB7A008BDA34 /* Frameworks */ = {
			isa = PBXFrameworksBuildPhase;
			buildActionMask = 2147483647;
			files = (
			);
			runOnlyForDeploymentPostprocessing = 0;
		};
		CC5C9504206FFB7A008BDA34 /* Frameworks */ = {
			isa = PBXFrameworksBuildPhase;
			buildActionMask = 2147483647;
			files = (
			);
			runOnlyForDeploymentPostprocessing = 0;
		};
		CC5C950F206FFB7A008BDA34 /* Frameworks */ = {
			isa = PBXFrameworksBuildPhase;
			buildActionMask = 2147483647;
			files = (
			);
			runOnlyForDeploymentPostprocessing = 0;
		};
/* End PBXFrameworksBuildPhase section */

/* Begin PBXGroup section */
		CC5C94E8206FFB7A008BDA34 = {
			isa = PBXGroup;
			children = (
				CC5C94F3206FFB7A008BDA34 /* version-1 */,
				CC5C950A206FFB7A008BDA34 /* version-1Tests */,
				CC5C9515206FFB7A008BDA34 /* version-1UITests */,
				CC5C94F2206FFB7A008BDA34 /* Products */,
			);
			sourceTree = "<group>";
		};
		CC5C94F2206FFB7A008BDA34 /* Products */ = {
			isa = PBXGroup;
			children = (
				CC5C94F1206FFB7A008BDA34 /* version-1.app */,
				CC5C9507206FFB7A008BDA34 /* version-1Tests.xctest */,
				CC5C9512206FFB7A008BDA34 /* version-1UITests.xctest */,
			);
			name = Products;
			sourceTree = "<group>";
		};
		CC5C94F3206FFB7A008BDA34 /* version-1 */ = {
			isa = PBXGroup;
			children = (
				CC5C94F4206FFB7A008BDA34 /* AppDelegate.swift */,
				CC5C94F6206FFB7A008BDA34 /* art.scnassets */,
				CC5C94F8206FFB7A008BDA34 /* ViewController.swift */,
				CC5C94FA206FFB7A008BDA34 /* Main.storyboard */,
				CC5C94FD206FFB7A008BDA34 /* Assets.xcassets */,
				CC5C94FF206FFB7A008BDA34 /* LaunchScreen.storyboard */,
				CC5C9502206FFB7A008BDA34 /* Info.plist */,
			);
			path = "version-1";
			sourceTree = "<group>";
		};
		CC5C950A206FFB7A008BDA34 /* version-1Tests */ = {
			isa = PBXGroup;
			children = (
				CC5C950B206FFB7A008BDA34 /* version_1Tests.swift */,
				CC5C950D206FFB7A008BDA34 /* Info.plist */,
			);
			path = "version-1Tests";
			sourceTree = "<group>";
		};
		CC5C9515206FFB7A008BDA34 /* version-1UITests */ = {
			isa = PBXGroup;
			children = (
				CC5C9516206FFB7A008BDA34 /* version_1UITests.swift */,
				CC5C9518206FFB7A008BDA34 /* Info.plist */,
			);
			path = "version-1UITests";
			sourceTree = "<group>";
		};
/* End PBXGroup section */

/* Begin PBXNativeTarget section */
		CC5C94F0206FFB7A008BDA34 /* version-1 */ = {
			isa = PBXNativeTarget;
			buildConfigurationList = CC5C951B206FFB7A008BDA34 /* Build configuration list for PBXNativeTarget "version-1" */;
			buildPhases = (
				CC5C94ED206FFB7A008BDA34 /* Sources */,
				CC5C94EE206FFB7A008BDA34 /* Frameworks */,
				CC5C94EF206FFB7A008BDA34 /* Resources */,
			);
			buildRules = (
			);
			dependencies = (
			);
			name = "version-1";
			productName = "version-1";
			productReference = CC5C94F1206FFB7A008BDA34 /* version-1.app */;
			productType = "com.apple.product-type.application";
		};
		CC5C9506206FFB7A008BDA34 /* version-1Tests */ = {
			isa = PBXNativeTarget;
			buildConfigurationList = CC5C951E206FFB7A008BDA34 /* Build configuration list for PBXNativeTarget "version-1Tests" */;
			buildPhases = (
				CC5C9503206FFB7A008BDA34 /* Sources */,
				CC5C9504206FFB7A008BDA34 /* Frameworks */,
				CC5C9505206FFB7A008BDA34 /* Resources */,
			);
			buildRules = (
			);
			dependencies = (
				CC5C9509206FFB7A008BDA34 /* PBXTargetDependency */,
			);
			name = "version-1Tests";
			productName = "version-1Tests";
			productReference = CC5C9507206FFB7A008BDA34 /* version-1Tests.xctest */;
			productType = "com.apple.product-type.bundle.unit-test";
		};
		CC5C9511206FFB7A008BDA34 /* version-1UITests */ = {
			isa = PBXNativeTarget;
			buildConfigurationList = CC5C9521206FFB7A008BDA34 /* Build configuration list for PBXNativeTarget "version-1UITests" */;
			buildPhases = (
				CC5C950E206FFB7A008BDA34 /* Sources */,
				CC5C950F206FFB7A008BDA34 /* Frameworks */,
				CC5C9510206FFB7A008BDA34 /* Resources */,
			);
			buildRules = (
			);
			dependencies = (
				CC5C9514206FFB7A008BDA34 /* PBXTargetDependency */,
			);
			name = "version-1UITests";
			productName = "version-1UITests";
			productReference = CC5C9512206FFB7A008BDA34 /* version-1UITests.xctest */;
			productType = "com.apple.product-type.bundle.ui-testing";
		};
/* End PBXNativeTarget section */

/* Begin PBXProject section */
		CC5C94E9206FFB7A008BDA34 /* Project object */ = {
			isa = PBXProject;
			attributes = {
				LastSwiftUpdateCheck = 0920;
				LastUpgradeCheck = 0920;
				ORGANIZATIONNAME = "Xiwei M";
				TargetAttributes = {
					CC5C94F0206FFB7A008BDA34 = {
						CreatedOnToolsVersion = 9.2;
						ProvisioningStyle = Automatic;
					};
					CC5C9506206FFB7A008BDA34 = {
						CreatedOnToolsVersion = 9.2;
						ProvisioningStyle = Automatic;
						TestTargetID = CC5C94F0206FFB7A008BDA34;
					};
					CC5C9511206FFB7A008BDA34 = {
						CreatedOnToolsVersion = 9.2;
						ProvisioningStyle = Automatic;
						TestTargetID = CC5C94F0206FFB7A008BDA34;
					};
				};
			};
			buildConfigurationList = CC5C94EC206FFB7A008BDA34 /* Build configuration list for PBXProject "version-1" */;
			compatibilityVersion = "Xcode 8.0";
			developmentRegion = en;
			hasScannedForEncodings = 0;
			knownRegions = (
				en,
				Base,
			);
			mainGroup = CC5C94E8206FFB7A008BDA34;
			productRefGroup = CC5C94F2206FFB7A008BDA34 /* Products */;
			projectDirPath = "";
			projectRoot = "";
			targets = (
				CC5C94F0206FFB7A008BDA34 /* version-1 */,
				CC5C9506206FFB7A008BDA34 /* version-1Tests */,
				CC5C9511206FFB7A008BDA34 /* version-1UITests */,
			);
		};
/* End PBXProject section */

/* Begin PBXResourcesBuildPhase section */
		CC5C94EF206FFB7A008BDA34 /* Resources */ = {
			isa = PBXResourcesBuildPhase;
			buildActionMask = 2147483647;
			files = (
				CC5C94F7206FFB7A008BDA34 /* art.scnassets in Resources */,
				CC5C9501206FFB7A008BDA34 /* LaunchScreen.storyboard in Resources */,
				CC5C94FE206FFB7A008BDA34 /* Assets.xcassets in Resources */,
				CC5C94FC206FFB7A008BDA34 /* Main.storyboard in Resources */,
			);
			runOnlyForDeploymentPostprocessing = 0;
		};
		CC5C9505206FFB7A008BDA34 /* Resources */ = {
			isa = PBXResourcesBuildPhase;
			buildActionMask = 2147483647;
			files = (
			);
			runOnlyForDeploymentPostprocessing = 0;
		};
		CC5C9510206FFB7A008BDA34 /* Resources */ = {
			isa = PBXResourcesBuildPhase;
			buildActionMask = 2147483647;
			files = (
			);
			runOnlyForDeploymentPostprocessing = 0;
		};
/* End PBXResourcesBuildPhase section */

/* Begin PBXSourcesBuildPhase section */
		CC5C94ED206FFB7A008BDA34 /* Sources */ = {
			isa = PBXSourcesBuildPhase;
			buildActionMask = 2147483647;
			files = (
				CC5C94F9206FFB7A008BDA34 /* ViewController.swift in Sources */,
				CC5C94F5206FFB7A008BDA34 /* AppDelegate.swift in Sources */,
			);
			runOnlyForDeploymentPostprocessing = 0;
		};
		CC5C9503206FFB7A008BDA34 /* Sources */ = {
			isa = PBXSourcesBuildPhase;
			buildActionMask = 2147483647;
			files = (
				CC5C950C206FFB7A008BDA34 /* version_1Tests.swift in Sources */,
			);
			runOnlyForDeploymentPostprocessing = 0;
		};
		CC5C950E206FFB7A008BDA34 /* Sources */ = {
			isa = PBXSourcesBuildPhase;
			buildActionMask = 2147483647;
			files = (
				CC5C9517206FFB7A008BDA34 /* version_1UITests.swift in Sources */,
			);
			runOnlyForDeploymentPostprocessing = 0;
		};
/* End PBXSourcesBuildPhase section */

/* Begin PBXTargetDependency section */
		CC5C9509206FFB7A008BDA34 /* PBXTargetDependency */ = {
			isa = PBXTargetDependency;
			target = CC5C94F0206FFB7A008BDA34 /* version-1 */;
			targetProxy = CC5C9508206FFB7A008BDA34 /* PBXContainerItemProxy */;
		};
		CC5C9514206FFB7A008BDA34 /* PBXTargetDependency */ = {
			isa = PBXTargetDependency;
			target = CC5C94F0206FFB7A008BDA34 /* version-1 */;
			targetProxy = CC5C9513206FFB7A008BDA34 /* PBXContainerItemProxy */;
		};
/* End PBXTargetDependency section */

/* Begin PBXVariantGroup section */
		CC5C94FA206FFB7A008BDA34 /* Main.storyboard */ = {
			isa = PBXVariantGroup;
			children = (
				CC5C94FB206FFB7A008BDA34 /* Base */,
			);
			name = Main.storyboard;
			sourceTree = "<group>";
		};
		CC5C94FF206FFB7A008BDA34 /* LaunchScreen.storyboard */ = {
			isa = PBXVariantGroup;
			children = (
				CC5C9500206FFB7A008BDA34 /* Base */,
			);
			name = LaunchScreen.storyboard;
			sourceTree = "<group>";
		};
/* End PBXVariantGroup section */

/* Begin XCBuildConfiguration section */
		CC5C9519206FFB7A008BDA34 /* Debug */ = {
			isa = XCBuildConfiguration;
			buildSettings = {
				ALWAYS_SEARCH_USER_PATHS = NO;
				CLANG_ANALYZER_NONNULL = YES;
				CLANG_ANALYZER_NUMBER_OBJECT_CONVERSION = YES_AGGRESSIVE;
				CLANG_CXX_LANGUAGE_STANDARD = "gnu++14";
				CLANG_CXX_LIBRARY = "libc++";
				CLANG_ENABLE_MODULES = YES;
				CLANG_ENABLE_OBJC_ARC = YES;
				CLANG_WARN_BLOCK_CAPTURE_AUTORELEASING = YES;
				CLANG_WARN_BOOL_CONVERSION = YES;
				CLANG_WARN_COMMA = YES;
				CLANG_WARN_CONSTANT_CONVERSION = YES;
				CLANG_WARN_DIRECT_OBJC_ISA_USAGE = YES_ERROR;
				CLANG_WARN_DOCUMENTATION_COMMENTS = YES;
				CLANG_WARN_EMPTY_BODY = YES;
				CLANG_WARN_ENUM_CONVERSION = YES;
				CLANG_WARN_INFINITE_RECURSION = YES;
				CLANG_WARN_INT_CONVERSION = YES;
				CLANG_WARN_NON_LITERAL_NULL_CONVERSION = YES;
				CLANG_WARN_OBJC_LITERAL_CONVERSION = YES;
				CLANG_WARN_OBJC_ROOT_CLASS = YES_ERROR;
				CLANG_WARN_RANGE_LOOP_ANALYSIS = YES;
				CLANG_WARN_STRICT_PROTOTYPES = YES;
				CLANG_WARN_SUSPICIOUS_MOVE = YES;
				CLANG_WARN_UNGUARDED_AVAILABILITY = YES_AGGRESSIVE;
				CLANG_WARN_UNREACHABLE_CODE = YES;
				CLANG_WARN__DUPLICATE_METHOD_MATCH = YES;
				CODE_SIGN_IDENTITY = "iPhone Developer";
				COPY_PHASE_STRIP = NO;
				DEBUG_INFORMATION_FORMAT = dwarf;
				ENABLE_STRICT_OBJC_MSGSEND = YES;
				ENABLE_TESTABILITY = YES;
				GCC_C_LANGUAGE_STANDARD = gnu11;
				GCC_DYNAMIC_NO_PIC = NO;
				GCC_NO_COMMON_BLOCKS = YES;
				GCC_OPTIMIZATION_LEVEL = 0;
				GCC_PREPROCESSOR_DEFINITIONS = (
					"DEBUG=1",
					"$(inherited)",
				);
				GCC_WARN_64_TO_32_BIT_CONVERSION = YES;
				GCC_WARN_ABOUT_RETURN_TYPE = YES_ERROR;
				GCC_WARN_UNDECLARED_SELECTOR = YES;
				GCC_WARN_UNINITIALIZED_AUTOS = YES_AGGRESSIVE;
				GCC_WARN_UNUSED_FUNCTION = YES;
				GCC_WARN_UNUSED_VARIABLE = YES;
				IPHONEOS_DEPLOYMENT_TARGET = 11.2;
				MTL_ENABLE_DEBUG_INFO = YES;
				ONLY_ACTIVE_ARCH = YES;
				SDKROOT = iphoneos;
				SWIFT_ACTIVE_COMPILATION_CONDITIONS = DEBUG;
				SWIFT_OPTIMIZATION_LEVEL = "-Onone";
			};
			name = Debug;
		};
		CC5C951A206FFB7A008BDA34 /* Release */ = {
			isa = XCBuildConfiguration;
			buildSettings = {
				ALWAYS_SEARCH_USER_PATHS = NO;
				CLANG_ANALYZER_NONNULL = YES;
				CLANG_ANALYZER_NUMBER_OBJECT_CONVERSION = YES_AGGRESSIVE;
				CLANG_CXX_LANGUAGE_STANDARD = "gnu++14";
				CLANG_CXX_LIBRARY = "libc++";
				CLANG_ENABLE_MODULES = YES;
				CLANG_ENABLE_OBJC_ARC = YES;
				CLANG_WARN_BLOCK_CAPTURE_AUTORELEASING = YES;
				CLANG_WARN_BOOL_CONVERSION = YES;
				CLANG_WARN_COMMA = YES;
				CLANG_WARN_CONSTANT_CONVERSION = YES;
				CLANG_WARN_DIRECT_OBJC_ISA_USAGE = YES_ERROR;
				CLANG_WARN_DOCUMENTATION_COMMENTS = YES;
				CLANG_WARN_EMPTY_BODY = YES;
				CLANG_WARN_ENUM_CONVERSION = YES;
				CLANG_WARN_INFINITE_RECURSION = YES;
				CLANG_WARN_INT_CONVERSION = YES;
				CLANG_WARN_NON_LITERAL_NULL_CONVERSION = YES;
				CLANG_WARN_OBJC_LITERAL_CONVERSION = YES;
				CLANG_WARN_OBJC_ROOT_CLASS = YES_ERROR;
				CLANG_WARN_RANGE_LOOP_ANALYSIS = YES;
				CLANG_WARN_STRICT_PROTOTYPES = YES;
				CLANG_WARN_SUSPICIOUS_MOVE = YES;
				CLANG_WARN_UNGUARDED_AVAILABILITY = YES_AGGRESSIVE;
				CLANG_WARN_UNREACHABLE_CODE = YES;
				CLANG_WARN__DUPLICATE_METHOD_MATCH = YES;
				CODE_SIGN_IDENTITY = "iPhone Developer";
				COPY_PHASE_STRIP = NO;
				DEBUG_INFORMATION_FORMAT = "dwarf-with-dsym";
				ENABLE_NS_ASSERTIONS = NO;
				ENABLE_STRICT_OBJC_MSGSEND = YES;
				GCC_C_LANGUAGE_STANDARD = gnu11;
				GCC_NO_COMMON_BLOCKS = YES;
				GCC_WARN_64_TO_32_BIT_CONVERSION = YES;
				GCC_WARN_ABOUT_RETURN_TYPE = YES_ERROR;
				GCC_WARN_UNDECLARED_SELECTOR = YES;
				GCC_WARN_UNINITIALIZED_AUTOS = YES_AGGRESSIVE;
				GCC_WARN_UNUSED_FUNCTION = YES;
				GCC_WARN_UNUSED_VARIABLE = YES;
				IPHONEOS_DEPLOYMENT_TARGET = 11.2;
				MTL_ENABLE_DEBUG_INFO = NO;
				SDKROOT = iphoneos;
				SWIFT_OPTIMIZATION_LEVEL = "-Owholemodule";
				VALIDATE_PRODUCT = YES;
			};
			name = Release;
		};
		CC5C951C206FFB7A008BDA34 /* Debug */ = {
			isa = XCBuildConfiguration;
			buildSettings = {
				ASSETCATALOG_COMPILER_APPICON_NAME = AppIcon;
				CODE_SIGN_STYLE = Automatic;
				DEVELOPMENT_TEAM = V8TQ5UZ5RV;
				INFOPLIST_FILE = "version-1/Info.plist";
				LD_RUNPATH_SEARCH_PATHS = "$(inherited) @executable_path/Frameworks";
				PRODUCT_BUNDLE_IDENTIFIER = "Xiwei-M.version-1";
				PRODUCT_NAME = "$(TARGET_NAME)";
				SWIFT_VERSION = 4.0;
				TARGETED_DEVICE_FAMILY = "1,2";
			};
			name = Debug;
		};
		CC5C951D206FFB7A008BDA34 /* Release */ = {
			isa = XCBuildConfiguration;
			buildSettings = {
				ASSETCATALOG_COMPILER_APPICON_NAME = AppIcon;
				CODE_SIGN_STYLE = Automatic;
				DEVELOPMENT_TEAM = V8TQ5UZ5RV;
				INFOPLIST_FILE = "version-1/Info.plist";
				LD_RUNPATH_SEARCH_PATHS = "$(inherited) @executable_path/Frameworks";
				PRODUCT_BUNDLE_IDENTIFIER = "Xiwei-M.version-1";
				PRODUCT_NAME = "$(TARGET_NAME)";
				SWIFT_VERSION = 4.0;
				TARGETED_DEVICE_FAMILY = "1,2";
			};
			name = Release;
		};
		CC5C951F206FFB7A008BDA34 /* Debug */ = {
			isa = XCBuildConfiguration;
			buildSettings = {
				ALWAYS_EMBED_SWIFT_STANDARD_LIBRARIES = YES;
				BUNDLE_LOADER = "$(TEST_HOST)";
				CODE_SIGN_STYLE = Automatic;
				DEVELOPMENT_TEAM = V8TQ5UZ5RV;
				INFOPLIST_FILE = "version-1Tests/Info.plist";
				LD_RUNPATH_SEARCH_PATHS = "$(inherited) @executable_path/Frameworks @loader_path/Frameworks";
				PRODUCT_BUNDLE_IDENTIFIER = "Xiwei-M.version-1Tests";
				PRODUCT_NAME = "$(TARGET_NAME)";
				SWIFT_VERSION = 4.0;
				TARGETED_DEVICE_FAMILY = "1,2";
				TEST_HOST = "$(BUILT_PRODUCTS_DIR)/version-1.app/version-1";
			};
			name = Debug;
		};
		CC5C9520206FFB7A008BDA34 /* Release */ = {
			isa = XCBuildConfiguration;
			buildSettings = {
				ALWAYS_EMBED_SWIFT_STANDARD_LIBRARIES = YES;
				BUNDLE_LOADER = "$(TEST_HOST)";
				CODE_SIGN_STYLE = Automatic;
				DEVELOPMENT_TEAM = V8TQ5UZ5RV;
				INFOPLIST_FILE = "version-1Tests/Info.plist";
				LD_RUNPATH_SEARCH_PATHS = "$(inherited) @executable_path/Frameworks @loader_path/Frameworks";
				PRODUCT_BUNDLE_IDENTIFIER = "Xiwei-M.version-1Tests";
				PRODUCT_NAME = "$(TARGET_NAME)";
				SWIFT_VERSION = 4.0;
				TARGETED_DEVICE_FAMILY = "1,2";
				TEST_HOST = "$(BUILT_PRODUCTS_DIR)/version-1.app/version-1";
			};
			name = Release;
		};
		CC5C9522206FFB7A008BDA34 /* Debug */ = {
			isa = XCBuildConfiguration;
			buildSettings = {
				ALWAYS_EMBED_SWIFT_STANDARD_LIBRARIES = YES;
				CODE_SIGN_STYLE = Automatic;
				DEVELOPMENT_TEAM = V8TQ5UZ5RV;
				INFOPLIST_FILE = "version-1UITests/Info.plist";
				LD_RUNPATH_SEARCH_PATHS = "$(inherited) @executable_path/Frameworks @loader_path/Frameworks";
				PRODUCT_BUNDLE_IDENTIFIER = "Xiwei-M.version-1UITests";
				PRODUCT_NAME = "$(TARGET_NAME)";
				SWIFT_VERSION = 4.0;
				TARGETED_DEVICE_FAMILY = "1,2";
				TEST_TARGET_NAME = "version-1";
			};
			name = Debug;
		};
		CC5C9523206FFB7A008BDA34 /* Release */ = {
			isa = XCBuildConfiguration;
			buildSettings = {
				ALWAYS_EMBED_SWIFT_STANDARD_LIBRARIES = YES;
				CODE_SIGN_STYLE = Automatic;
				DEVELOPMENT_TEAM = V8TQ5UZ5RV;
				INFOPLIST_FILE = "version-1UITests/Info.plist";
				LD_RUNPATH_SEARCH_PATHS = "$(inherited) @executable_path/Frameworks @loader_path/Frameworks";
				PRODUCT_BUNDLE_IDENTIFIER = "Xiwei-M.version-1UITests";
				PRODUCT_NAME = "$(TARGET_NAME)";
				SWIFT_VERSION = 4.0;
				TARGETED_DEVICE_FAMILY = "1,2";
				TEST_TARGET_NAME = "version-1";
			};
			name = Release;
		};
/* End XCBuildConfiguration section */

/* Begin XCConfigurationList section */
		CC5C94EC206FFB7A008BDA34 /* Build configuration list for PBXProject "version-1" */ = {
			isa = XCConfigurationList;
			buildConfigurations = (
				CC5C9519206FFB7A008BDA34 /* Debug */,
				CC5C951A206FFB7A008BDA34 /* Release */,
			);
			defaultConfigurationIsVisible = 0;
			defaultConfigurationName = Release;
		};
		CC5C951B206FFB7A008BDA34 /* Build configuration list for PBXNativeTarget "version-1" */ = {
			isa = XCConfigurationList;
			buildConfigurations = (
				CC5C951C206FFB7A008BDA34 /* Debug */,
				CC5C951D206FFB7A008BDA34 /* Release */,
			);
			defaultConfigurationIsVisible = 0;
			defaultConfigurationName = Release;
		};
		CC5C951E206FFB7A008BDA34 /* Build configuration list for PBXNativeTarget "version-1Tests" */ = {
			isa = XCConfigurationList;
			buildConfigurations = (
				CC5C951F206FFB7A008BDA34 /* Debug */,
				CC5C9520206FFB7A008BDA34 /* Release */,
			);
			defaultConfigurationIsVisible = 0;
			defaultConfigurationName = Release;
		};
		CC5C9521206FFB7A008BDA34 /* Build configuration list for PBXNativeTarget "version-1UITests" */ = {
			isa = XCConfigurationList;
			buildConfigurations = (
				CC5C9522206FFB7A008BDA34 /* Debug */,
				CC5C9523206FFB7A008BDA34 /* Release */,
			);
			defaultConfigurationIsVisible = 0;
			defaultConfigurationName = Release;
		};
/* End XCConfigurationList section */
	};
	rootObject = CC5C94E9206FFB7A008BDA34 /* Project object */;
}
